
Microsoft Visual Studio Solution File, Format Version 12.00
# Visual Studio 15
Project("{FAE04EC0-301F-11D3-BF4B-00C04F79EFBC}") = "Assembly-CSharp", "Assembly-CSharp.csproj", "{BD4FC661-5135-D37D-F375-2B6105AC5C68}"
EndProject
Project("{FAE04EC0-301F-11D3-BF4B-00C04F79EFBC}") = "Assembly-CSharp-Editor", "Assembly-CSharp-Editor.csproj", "{9F05BCFF-3773-D027-D81E-D5605405B184}"
EndProject
Global
	GlobalSection(SolutionConfigurationPlatforms) = preSolution
		Debug|Any CPU = Debug|Any CPU
		Release|Any CPU = Release|Any CPU
	EndGlobalSection
	GlobalSection(ProjectConfigurationPlatforms) = postSolution
		{BD4FC661-5135-D37D-F375-2B6105AC5C68}.Debug|Any CPU.ActiveCfg = Debug|Any CPU
		{BD4FC661-5135-D37D-F375-2B6105AC5C68}.Debug|Any CPU.Build.0 = Debug|Any CPU
		{BD4FC661-5135-D37D-F375-2B6105AC5C68}.Release|Any CPU.ActiveCfg = Release|Any CPU
		{BD4FC661-5135-D37D-F375-2B6105AC5C68}.Release|Any CPU.Build.0 = Release|Any CPU
		{9F05BCFF-3773-D027-D81E-D5605405B184}.Debug|Any CPU.ActiveCfg = Debug|Any CPU
		{9F05BCFF-3773-D027-D81E-D5605405B184}.Debug|Any CPU.Build.0 = Debug|Any CPU
		{9F05BCFF-3773-D027-D81E-D5605405B184}.Release|Any CPU.ActiveCfg = Release|Any CPU
		{9F05BCFF-3773-D027-D81E-D5605405B184}.Release|Any CPU.Build.0 = Release|Any CPU
	EndGlobalSection
	GlobalSection(SolutionProperties) = preSolution
		HideSolutionNode = FALSE
	EndGlobalSection
EndGlobal
